// !$*UTF8*$!
{
	archiveVersion = 1;
	classes = {
	};
	objectVersion = 50;
	objects = {

/* Begin PBXBuildFile section */
		04888BCA2141249F009A0E0A /* PlanetModel.swift in Sources */ = {isa = PBXBuildFile; fileRef = 04888BC92141249E009A0E0A /* PlanetModel.swift */; };
		04888BCC21413D91009A0E0A /* sun_texture.jpg in Resources */ = {isa = PBXBuildFile; fileRef = 04888BCB21413D91009A0E0A /* sun_texture.jpg */; };
		04A24921213FCA8A00718C95 /* AppDelegate.swift in Sources */ = {isa = PBXBuildFile; fileRef = 04A24920213FCA8A00718C95 /* AppDelegate.swift */; };
		04A24923213FCA8A00718C95 /* art.scnassets in Resources */ = {isa = PBXBuildFile; fileRef = 04A24922213FCA8A00718C95 /* art.scnassets */; };
		04A24925213FCA8A00718C95 /* ViewController.swift in Sources */ = {isa = PBXBuildFile; fileRef = 04A24924213FCA8A00718C95 /* ViewController.swift */; };
		04A24928213FCA8A00718C95 /* Main.storyboard in Resources */ = {isa = PBXBuildFile; fileRef = 04A24926213FCA8A00718C95 /* Main.storyboard */; };
		04A2492A213FCA8B00718C95 /* Assets.xcassets in Resources */ = {isa = PBXBuildFile; fileRef = 04A24929213FCA8B00718C95 /* Assets.xcassets */; };
		04A2492D213FCA8B00718C95 /* LaunchScreen.storyboard in Resources */ = {isa = PBXBuildFile; fileRef = 04A2492B213FCA8B00718C95 /* LaunchScreen.storyboard */; };
		04A24942213FDD4C00718C95 /* saturn_loop.png in Resources */ = {isa = PBXBuildFile; fileRef = 04A24934213FDD4A00718C95 /* saturn_loop.png */; };
		04A24943213FDD4C00718C95 /* jupiter_loop.png in Resources */ = {isa = PBXBuildFile; fileRef = 04A24935213FDD4B00718C95 /* jupiter_loop.png */; };
		04A24944213FDD4C00718C95 /* sun.jpg in Resources */ = {isa = PBXBuildFile; fileRef = 04A24936213FDD4B00718C95 /* sun.jpg */; };
		04A24945213FDD4C00718C95 /* mars.jpg in Resources */ = {isa = PBXBuildFile; fileRef = 04A24937213FDD4B00718C95 /* mars.jpg */; };
		04A24946213FDD4C00718C95 /* mercury.jpg in Resources */ = {isa = PBXBuildFile; fileRef = 04A24938213FDD4B00718C95 /* mercury.jpg */; };
		04A24947213FDD4C00718C95 /* saturn.jpg in Resources */ = {isa = PBXBuildFile; fileRef = 04A24939213FDD4B00718C95 /* saturn.jpg */; };
		04A24948213FDD4C00718C95 /* pluto.jpg in Resources */ = {isa = PBXBuildFile; fileRef = 04A2493A213FDD4B00718C95 /* pluto.jpg */; };
		04A24949213FDD4C00718C95 /* uranus.jpg in Resources */ = {isa = PBXBuildFile; fileRef = 04A2493B213FDD4B00718C95 /* uranus.jpg */; };
		04A2494A213FDD4C00718C95 /* saturn_cloud.png in Resources */ = {isa = PBXBuildFile; fileRef = 04A2493C213FDD4B00718C95 /* saturn_cloud.png */; };
		04A2494B213FDD4C00718C95 /* venus.jpg in Resources */ = {isa = PBXBuildFile; fileRef = 04A2493D213FDD4B00718C95 /* venus.jpg */; };
		04A2494C213FDD4C00718C95 /* earth.jpg in Resources */ = {isa = PBXBuildFile; fileRef = 04A2493E213FDD4C00718C95 /* earth.jpg */; };
		04A2494D213FDD4C00718C95 /* moon.jpg in Resources */ = {isa = PBXBuildFile; fileRef = 04A2493F213FDD4C00718C95 /* moon.jpg */; };
		04A2494E213FDD4C00718C95 /* uranus_loop.png in Resources */ = {isa = PBXBuildFile; fileRef = 04A24940213FDD4C00718C95 /* uranus_loop.png */; };
		04A2494F213FDD4C00718C95 /* jupiter.jpg in Resources */ = {isa = PBXBuildFile; fileRef = 04A24941213FDD4C00718C95 /* jupiter.jpg */; };
/* End PBXBuildFile section */

/* Begin PBXFileReference section */
		04888BC92141249E009A0E0A /* PlanetModel.swift */ = {isa = PBXFileReference; lastKnownFileType = sourcecode.swift; path = PlanetModel.swift; sourceTree = "<group>"; };
		04888BCB21413D91009A0E0A /* sun_texture.jpg */ = {isa = PBXFileReference; lastKnownFileType = image.jpeg; path = sun_texture.jpg; sourceTree = "<group>"; };
		04A2491D213FCA8A00718C95 /* Solar-System Final.app */ = {isa = PBXFileReference; explicitFileType = wrapper.application; includeInIndex = 0; path = "Solar-System Final.app"; sourceTree = BUILT_PRODUCTS_DIR; };
		04A24920213FCA8A00718C95 /* AppDelegate.swift */ = {isa = PBXFileReference; lastKnownFileType = sourcecode.swift; path = AppDelegate.swift; sourceTree = "<group>"; };
		04A24922213FCA8A00718C95 /* art.scnassets */ = {isa = PBXFileReference; lastKnownFileType = wrapper.scnassets; path = art.scnassets; sourceTree = "<group>"; };
		04A24924213FCA8A00718C95 /* ViewController.swift */ = {isa = PBXFileReference; lastKnownFileType = sourcecode.swift; path = ViewController.swift; sourceTree = "<group>"; };
		04A24927213FCA8A00718C95 /* Base */ = {isa = PBXFileReference; lastKnownFileType = file.storyboard; name = Base; path = Base.lproj/Main.storyboard; sourceTree = "<group>"; };
		04A24929213FCA8B00718C95 /* Assets.xcassets */ = {isa = PBXFileReference; lastKnownFileType = folder.assetcatalog; path = Assets.xcassets; sourceTree = "<group>"; };
		04A2492C213FCA8B00718C95 /* Base */ = {isa = PBXFileReference; lastKnownFileType = file.storyboard; name = Base; path = Base.lproj/LaunchScreen.storyboard; sourceTree = "<group>"; };
		04A2492E213FCA8B00718C95 /* Info.plist */ = {isa = PBXFileReference; lastKnownFileType = text.plist.xml; path = Info.plist; sourceTree = "<group>"; };
		04A24934213FDD4A00718C95 /* saturn_loop.png */ = {isa = PBXFileReference; lastKnownFileType = image.png; path = saturn_loop.png; sourceTree = "<group>"; };
		04A24935213FDD4B00718C95 /* jupiter_loop.png */ = {isa = PBXFileReference; lastKnownFileType = image.png; path = jupiter_loop.png; sourceTree = "<group>"; };
		04A24936213FDD4B00718C95 /* sun.jpg */ = {isa = PBXFileReference; lastKnownFileType = image.jpeg; path = sun.jpg; sourceTree = "<group>"; };
		04A24937213FDD4B00718C95 /* mars.jpg */ = {isa = PBXFileReference; lastKnownFileType = image.jpeg; path = mars.jpg; sourceTree = "<group>"; };
		04A24938213FDD4B00718C95 /* mercury.jpg */ = {isa = PBXFileReference; lastKnownFileType = image.jpeg; path = mercury.jpg; sourceTree = "<group>"; };
		04A24939213FDD4B00718C95 /* saturn.jpg */ = {isa = PBXFileReference; lastKnownFileType = image.jpeg; path = saturn.jpg; sourceTree = "<group>"; };
		04A2493A213FDD4B00718C95 /* pluto.jpg */ = {isa = PBXFileReference; lastKnownFileType = image.jpeg; path = pluto.jpg; sourceTree = "<group>"; };
		04A2493B213FDD4B00718C95 /* uranus.jpg */ = {isa = PBXFileReference; lastKnownFileType = image.jpeg; path = uranus.jpg; sourceTree = "<group>"; };
		04A2493C213FDD4B00718C95 /* saturn_cloud.png */ = {isa = PBXFileReference; lastKnownFileType = image.png; path = saturn_cloud.png; sourceTree = "<group>"; };
		04A2493D213FDD4B00718C95 /* venus.jpg */ = {isa = PBXFileReference; lastKnownFileType = image.jpeg; path = venus.jpg; sourceTree = "<group>"; };
		04A2493E213FDD4C00718C95 /* earth.jpg */ = {isa = PBXFileReference; lastKnownFileType = image.jpeg; path = earth.jpg; sourceTree = "<group>"; };
		04A2493F213FDD4C00718C95 /* moon.jpg */ = {isa = PBXFileReference; lastKnownFileType = image.jpeg; path = moon.jpg; sourceTree = "<group>"; };
		04A24940213FDD4C00718C95 /* uranus_loop.png */ = {isa = PBXFileReference; lastKnownFileType = image.png; path = uranus_loop.png; sourceTree = "<group>"; };
		04A24941213FDD4C00718C95 /* jupiter.jpg */ = {isa = PBXFileReference; lastKnownFileType = image.jpeg; path = jupiter.jpg; sourceTree = "<group>"; };
/* End PBXFileReference section */

/* Begin PBXFrameworksBuildPhase section */
		04A2491A213FCA8A00718C95 /* Frameworks */ = {
			isa = PBXFrameworksBuildPhase;
			buildActionMask = 2147483647;
			files = (
			);
			runOnlyForDeploymentPostprocessing = 0;
		};
/* End PBXFrameworksBuildPhase section */

/* Begin PBXGroup section */
		04A24914213FCA8A00718C95 = {
			isa = PBXGroup;
			children = (
				04A2491F213FCA8A00718C95 /* Solar-System Final */,
				04A2491E213FCA8A00718C95 /* Products */,
			);
			sourceTree = "<group>";
		};
		04A2491E213FCA8A00718C95 /* Products */ = {
			isa = PBXGroup;
			children = (
				04A2491D213FCA8A00718C95 /* Solar-System Final.app */,
			);
			name = Products;
			sourceTree = "<group>";
		};
		04A2491F213FCA8A00718C95 /* Solar-System Final */ = {
			isa = PBXGroup;
			children = (
				04A24920213FCA8A00718C95 /* AppDelegate.swift */,
				04A24922213FCA8A00718C95 /* art.scnassets */,
				04A24924213FCA8A00718C95 /* ViewController.swift */,
				04A24926213FCA8A00718C95 /* Main.storyboard */,
				04A24929213FCA8B00718C95 /* Assets.xcassets */,
				04A2492B213FCA8B00718C95 /* LaunchScreen.storyboard */,
				04888BCB21413D91009A0E0A /* sun_texture.jpg */,
				04A2493E213FDD4C00718C95 /* earth.jpg */,
				04A24935213FDD4B00718C95 /* jupiter_loop.png */,
				04A24941213FDD4C00718C95 /* jupiter.jpg */,
				04A24937213FDD4B00718C95 /* mars.jpg */,
				04A24938213FDD4B00718C95 /* mercury.jpg */,
				04A2493F213FDD4C00718C95 /* moon.jpg */,
				04A2493A213FDD4B00718C95 /* pluto.jpg */,
				04A2493C213FDD4B00718C95 /* saturn_cloud.png */,
				04A24934213FDD4A00718C95 /* saturn_loop.png */,
				04A24939213FDD4B00718C95 /* saturn.jpg */,
				04A24936213FDD4B00718C95 /* sun.jpg */,
				04A24940213FDD4C00718C95 /* uranus_loop.png */,
				04A2493B213FDD4B00718C95 /* uranus.jpg */,
				04A2493D213FDD4B00718C95 /* venus.jpg */,
				04A2492E213FCA8B00718C95 /* Info.plist */,
				04888BC92141249E009A0E0A /* PlanetModel.swift */,
			);
			path = "Solar-System Final";
			sourceTree = "<group>";
		};
/* End PBXGroup section */

/* Begin PBXNativeTarget section */
		04A2491C213FCA8A00718C95 /* Solar-System Final */ = {
			isa = PBXNativeTarget;
			buildConfigurationList = 04A24931213FCA8B00718C95 /* Build configuration list for PBXNativeTarget "Solar-System Final" */;
			buildPhases = (
				04A24919213FCA8A00718C95 /* Sources */,
				04A2491A213FCA8A00718C95 /* Frameworks */,
				04A2491B213FCA8A00718C95 /* Resources */,
			);
			buildRules = (
			);
			dependencies = (
			);
			name = "Solar-System Final";
			productName = "Solar-System Final";
			productReference = 04A2491D213FCA8A00718C95 /* Solar-System Final.app */;
			productType = "com.apple.product-type.application";
		};
/* End PBXNativeTarget section */

/* Begin PBXProject section */
		04A24915213FCA8A00718C95 /* Project object */ = {
			isa = PBXProject;
			attributes = {
				LastSwiftUpdateCheck = 0940;
				LastUpgradeCheck = 0940;
				ORGANIZATIONNAME = "ShrawanKumar Sharma";
				TargetAttributes = {
					04A2491C213FCA8A00718C95 = {
						CreatedOnToolsVersion = 9.4.1;
					};
				};
			};
			buildConfigurationList = 04A24918213FCA8A00718C95 /* Build configuration list for PBXProject "Solar-System Final" */;
			compatibilityVersion = "Xcode 9.3";
			developmentRegion = en;
			hasScannedForEncodings = 0;
			knownRegions = (
				en,
				Base,
			);
			mainGroup = 04A24914213FCA8A00718C95;
			productRefGroup = 04A2491E213FCA8A00718C95 /* Products */;
			projectDirPath = "";
			projectRoot = "";
			targets = (
				04A2491C213FCA8A00718C95 /* Solar-System Final */,
			);
		};
/* End PBXProject section */

/* Begin PBXResourcesBuildPhase section */
		04A2491B213FCA8A00718C95 /* Resources */ = {
			isa = PBXResourcesBuildPhase;
			buildActionMask = 2147483647;
			files = (
				04A2494D213FDD4C00718C95 /* moon.jpg in Resources */,
				04A24942213FDD4C00718C95 /* saturn_loop.png in Resources */,
				04A2494B213FDD4C00718C95 /* venus.jpg in Resources */,
				04A2494C213FDD4C00718C95 /* earth.jpg in Resources */,
				04A24944213FDD4C00718C95 /* sun.jpg in Resources */,
				04A2494E213FDD4C00718C95 /* uranus_loop.png in Resources */,
				04A2494A213FDD4C00718C95 /* saturn_cloud.png in Resources */,
				04A24945213FDD4C00718C95 /* mars.jpg in Resources */,
				04A24946213FDD4C00718C95 /* mercury.jpg in Resources */,
				04A2494F213FDD4C00718C95 /* jupiter.jpg in Resources */,
				04A24947213FDD4C00718C95 /* saturn.jpg in Resources */,
				04A24943213FDD4C00718C95 /* jupiter_loop.png in Resources */,
				04A24923213FCA8A00718C95 /* art.scnassets in Resources */,
				04A2492D213FCA8B00718C95 /* LaunchScreen.storyboard in Resources */,
				04A2492A213FCA8B00718C95 /* Assets.xcassets in Resources */,
				04A24928213FCA8A00718C95 /* Main.storyboard in Resources */,
				04888BCC21413D91009A0E0A /* sun_texture.jpg in Resources */,
				04A24948213FDD4C00718C95 /* pluto.jpg in Resources */,
				04A24949213FDD4C00718C95 /* uranus.jpg in Resources */,
			);
			runOnlyForDeploymentPostprocessing = 0;
		};
/* End PBXResourcesBuildPhase section */

/* Begin PBXSourcesBuildPhase section */
		04A24919213FCA8A00718C95 /* Sources */ = {
			isa = PBXSourcesBuildPhase;
			buildActionMask = 2147483647;
			files = (
				04A24925213FCA8A00718C95 /* ViewController.swift in Sources */,
				04A24921213FCA8A00718C95 /* AppDelegate.swift in Sources */,
				04888BCA2141249F009A0E0A /* PlanetModel.swift in Sources */,
			);
			runOnlyForDeploymentPostprocessing = 0;
		};
/* End PBXSourcesBuildPhase section */

/* Begin PBXVariantGroup section */
		04A24926213FCA8A00718C95 /* Main.storyboard */ = {
			isa = PBXVariantGroup;
			children = (
				04A24927213FCA8A00718C95 /* Base */,
			);
			name = Main.storyboard;
			sourceTree = "<group>";
		};
		04A2492B213FCA8B00718C95 /* LaunchScreen.storyboard */ = {
			isa = PBXVariantGroup;
			children = (
				04A2492C213FCA8B00718C95 /* Base */,
			);
			name = LaunchScreen.storyboard;
			sourceTree = "<group>";
		};
/* End PBXVariantGroup section */

/* Begin XCBuildConfiguration section */
		04A2492F213FCA8B00718C95 /* Debug */ = {
			isa = XCBuildConfiguration;
			buildSettings = {
				ALWAYS_SEARCH_USER_PATHS = NO;
				CLANG_ANALYZER_NONNULL = YES;
				CLANG_ANALYZER_NUMBER_OBJECT_CONVERSION = YES_AGGRESSIVE;
				CLANG_CXX_LANGUAGE_STANDARD = "gnu++14";
				CLANG_CXX_LIBRARY = "libc++";
				CLANG_ENABLE_MODULES = YES;
				CLANG_ENABLE_OBJC_ARC = YES;
				CLANG_ENABLE_OBJC_WEAK = YES;
				CLANG_WARN_BLOCK_CAPTURE_AUTORELEASING = YES;
				CLANG_WARN_BOOL_CONVERSION = YES;
				CLANG_WARN_COMMA = YES;
				CLANG_WARN_CONSTANT_CONVERSION = YES;
				CLANG_WARN_DEPRECATED_OBJC_IMPLEMENTATIONS = YES;
				CLANG_WARN_DIRECT_OBJC_ISA_USAGE = YES_ERROR;
				CLANG_WARN_DOCUMENTATION_COMMENTS = YES;
				CLANG_WARN_EMPTY_BODY = YES;
				CLANG_WARN_ENUM_CONVERSION = YES;
				CLANG_WARN_INFINITE_RECURSION = YES;
				CLANG_WARN_INT_CONVERSION = YES;
				CLANG_WARN_NON_LITERAL_NULL_CONVERSION = YES;
				CLANG_WARN_OBJC_IMPLICIT_RETAIN_SELF = YES;
				CLANG_WARN_OBJC_LITERAL_CONVERSION = YES;
				CLANG_WARN_OBJC_ROOT_CLASS = YES_ERROR;
				CLANG_WARN_RANGE_LOOP_ANALYSIS = YES;
				CLANG_WARN_STRICT_PROTOTYPES = YES;
				CLANG_WARN_SUSPICIOUS_MOVE = YES;
				CLANG_WARN_UNGUARDED_AVAILABILITY = YES_AGGRESSIVE;
				CLANG_WARN_UNREACHABLE_CODE = YES;
				CLANG_WARN__DUPLICATE_METHOD_MATCH = YES;
				CODE_SIGN_IDENTITY = "iPhone Developer";
				COPY_PHASE_STRIP = NO;
				DEBUG_INFORMATION_FORMAT = dwarf;
				ENABLE_STRICT_OBJC_MSGSEND = YES;
				ENABLE_TESTABILITY = YES;
				GCC_C_LANGUAGE_STANDARD = gnu11;
				GCC_DYNAMIC_NO_PIC = NO;
				GCC_NO_COMMON_BLOCKS = YES;
				GCC_OPTIMIZATION_LEVEL = 0;
				GCC_PREPROCESSOR_DEFINITIONS = (
					"DEBUG=1",
					"$(inherited)",
				);
				GCC_WARN_64_TO_32_BIT_CONVERSION = YES;
				GCC_WARN_ABOUT_RETURN_TYPE = YES_ERROR;
				GCC_WARN_UNDECLARED_SELECTOR = YES;
				GCC_WARN_UNINITIALIZED_AUTOS = YES_AGGRESSIVE;
				GCC_WARN_UNUSED_FUNCTION = YES;
				GCC_WARN_UNUSED_VARIABLE = YES;
				IPHONEOS_DEPLOYMENT_TARGET = 11.4;
				MTL_ENABLE_DEBUG_INFO = YES;
				ONLY_ACTIVE_ARCH = YES;
				SDKROOT = iphoneos;
				SWIFT_ACTIVE_COMPILATION_CONDITIONS = DEBUG;
				SWIFT_OPTIMIZATION_LEVEL = "-Onone";
			};
			name = Debug;
		};
		04A24930213FCA8B00718C95 /* Release */ = {
			isa = XCBuildConfiguration;
			buildSettings = {
				ALWAYS_SEARCH_USER_PATHS = NO;
				CLANG_ANALYZER_NONNULL = YES;
				CLANG_ANALYZER_NUMBER_OBJECT_CONVERSION = YES_AGGRESSIVE;
				CLANG_CXX_LANGUAGE_STANDARD = "gnu++14";
				CLANG_CXX_LIBRARY = "libc++";
				CLANG_ENABLE_MODULES = YES;
				CLANG_ENABLE_OBJC_ARC = YES;
				CLANG_ENABLE_OBJC_WEAK = YES;
				CLANG_WARN_BLOCK_CAPTURE_AUTORELEASING = YES;
				CLANG_WARN_BOOL_CONVERSION = YES;
				CLANG_WARN_COMMA = YES;
				CLANG_WARN_CONSTANT_CONVERSION = YES;
				CLANG_WARN_DEPRECATED_OBJC_IMPLEMENTATIONS = YES;
				CLANG_WARN_DIRECT_OBJC_ISA_USAGE = YES_ERROR;
				CLANG_WARN_DOCUMENTATION_COMMENTS = YES;
				CLANG_WARN_EMPTY_BODY = YES;
				CLANG_WARN_ENUM_CONVERSION = YES;
				CLANG_WARN_INFINITE_RECURSION = YES;
				CLANG_WARN_INT_CONVERSION = YES;
				CLANG_WARN_NON_LITERAL_NULL_CONVERSION = YES;
				CLANG_WARN_OBJC_IMPLICIT_RETAIN_SELF = YES;
				CLANG_WARN_OBJC_LITERAL_CONVERSION = YES;
				CLANG_WARN_OBJC_ROOT_CLASS = YES_ERROR;
				CLANG_WARN_RANGE_LOOP_ANALYSIS = YES;
				CLANG_WARN_STRICT_PROTOTYPES = YES;
				CLANG_WARN_SUSPICIOUS_MOVE = YES;
				CLANG_WARN_UNGUARDED_AVAILABILITY = YES_AGGRESSIVE;
				CLANG_WARN_UNREACHABLE_CODE = YES;
				CLANG_WARN__DUPLICATE_METHOD_MATCH = YES;
				CODE_SIGN_IDENTITY = "iPhone Developer";
				COPY_PHASE_STRIP = NO;
				DEBUG_INFORMATION_FORMAT = "dwarf-with-dsym";
				ENABLE_NS_ASSERTIONS = NO;
				ENABLE_STRICT_OBJC_MSGSEND = YES;
				GCC_C_LANGUAGE_STANDARD = gnu11;
				GCC_NO_COMMON_BLOCKS = YES;
				GCC_WARN_64_TO_32_BIT_CONVERSION = YES;
				GCC_WARN_ABOUT_RETURN_TYPE = YES_ERROR;
				GCC_WARN_UNDECLARED_SELECTOR = YES;
				GCC_WARN_UNINITIALIZED_AUTOS = YES_AGGRESSIVE;
				GCC_WARN_UNUSED_FUNCTION = YES;
				GCC_WARN_UNUSED_VARIABLE = YES;
				IPHONEOS_DEPLOYMENT_TARGET = 11.4;
				MTL_ENABLE_DEBUG_INFO = NO;
				SDKROOT = iphoneos;
				SWIFT_COMPILATION_MODE = wholemodule;
				SWIFT_OPTIMIZATION_LEVEL = "-O";
				VALIDATE_PRODUCT = YES;
			};
			name = Release;
		};
		04A24932213FCA8B00718C95 /* Debug */ = {
			isa = XCBuildConfiguration;
			buildSettings = {
				ASSETCATALOG_COMPILER_APPICON_NAME = AppIcon;
				CODE_SIGN_STYLE = Automatic;
				DEVELOPMENT_TEAM = MJ3728BFFF;
				INFOPLIST_FILE = "Solar-System Final/Info.plist";
				LD_RUNPATH_SEARCH_PATHS = (
					"$(inherited)",
					"@executable_path/Frameworks",
				);
				PRODUCT_BUNDLE_IDENTIFIER = "com.demo.com.Solar-System-Final";
				PRODUCT_NAME = "$(TARGET_NAME)";
				SWIFT_VERSION = 4.0;
				TARGETED_DEVICE_FAMILY = "1,2";
			};
			name = Debug;
		};
		04A24933213FCA8B00718C95 /* Release */ = {
			isa = XCBuildConfiguration;
			buildSettings = {
				ASSETCATALOG_COMPILER_APPICON_NAME = AppIcon;
				CODE_SIGN_STYLE = Automatic;
				DEVELOPMENT_TEAM = MJ3728BFFF;
				INFOPLIST_FILE = "Solar-System Final/Info.plist";
				LD_RUNPATH_SEARCH_PATHS = (
					"$(inherited)",
					"@executable_path/Frameworks",
				);
				PRODUCT_BUNDLE_IDENTIFIER = "com.demo.com.Solar-System-Final";
				PRODUCT_NAME = "$(TARGET_NAME)";
				SWIFT_VERSION = 4.0;
				TARGETED_DEVICE_FAMILY = "1,2";
			};
			name = Release;
		};
/* End XCBuildConfiguration section */

/* Begin XCConfigurationList section */
		04A24918213FCA8A00718C95 /* Build configuration list for PBXProject "Solar-System Final" */ = {
			isa = XCConfigurationList;
			buildConfigurations = (
				04A2492F213FCA8B00718C95 /* Debug */,
				04A24930213FCA8B00718C95 /* Release */,
			);
			defaultConfigurationIsVisible = 0;
			defaultConfigurationName = Release;
		};
		04A24931213FCA8B00718C95 /* Build configuration list for PBXNativeTarget "Solar-System Final" */ = {
			isa = XCConfigurationList;
			buildConfigurations = (
				04A24932213FCA8B00718C95 /* Debug */,
				04A24933213FCA8B00718C95 /* Release */,
			);
			defaultConfigurationIsVisible = 0;
			defaultConfigurationName = Release;
		};
/* End XCConfigurationList section */
	};
	rootObject = 04A24915213FCA8A00718C95 /* Project object */;
}
